apiVersion: vendir.k14s.io/v1alpha1
directories:
- contents:
  - git:
      commitTitle: 'chore: bump kubectl-validate (#8548) (#8551)...'
      sha: 65527e2b4ef23aef3be7ecac41e4ffe4f5c8c7fc
      tags:
      - kyverno-policies-chart-3.1.0-beta.4
    path: .
  path: helm/kyverno-policies/charts/kyverno-policies
kind: LockConfig
