apiVersion: vendir.k14s.io/v1alpha1
directories:
- contents:
  - git:
      commitTitle: 'chore: cut release v1.19.0 (#17238)...'
      sha: ee97ce09538b09b6f1b03853cc41a62654d6a58f
      tags:
      - kyverno-chart-3.9.0
    path: .
  path: helm/kyverno-policies/charts/kyverno-policies
kind: LockConfig
